// !$*UTF8*$!
{
	archiveVersion = 1;
	classes = {
	};
	objectVersion = 46;
	objects = {

/* Begin PBXBuildFile section */
		6E0400581CCB780200419D84 /* Lesson2_2ConfigurationView.swift in Sources */ = {isa = PBXBuildFile; fileRef = 6E0400571CCB780200419D84 /* Lesson2_2ConfigurationView.swift */; };
		6E07472B1CDA5A21000E6BAE /* Lesson2_2MyView.swift in Sources */ = {isa = PBXBuildFile; fileRef = 6E07472A1CDA5A21000E6BAE /* Lesson2_2MyView.swift */; };
		6E07472D1CDF1CFC000E6BAE /* Lesson2-1PropertiesViewController.swift in Sources */ = {isa = PBXBuildFile; fileRef = 6E07472C1CDF1CFC000E6BAE /* Lesson2-1PropertiesViewController.swift */; };
		6E07472F1CDF20E8000E6BAE /* Lesson2_RectMyView.swift in Sources */ = {isa = PBXBuildFile; fileRef = 6E07472E1CDF20E8000E6BAE /* Lesson2_RectMyView.swift */; };
		6E0C6AEE1ABEC34700BEADC8 /* Lesson1_4ViewController.swift in Sources */ = {isa = PBXBuildFile; fileRef = 6E0C6AED1ABEC34700BEADC8 /* Lesson1_4ViewController.swift */; };
		6E5945481ADC3241009F7C78 /* Lesson1-7ViewController.swift in Sources */ = {isa = PBXBuildFile; fileRef = 6E5945471ADC3241009F7C78 /* Lesson1-7ViewController.swift */; };
		6E5EC5181AA287A600DE08CF /* AppDelegate.swift in Sources */ = {isa = PBXBuildFile; fileRef = 6E5EC5171AA287A600DE08CF /* AppDelegate.swift */; };
		6E5EC51D1AA287A600DE08CF /* Main.storyboard in Resources */ = {isa = PBXBuildFile; fileRef = 6E5EC51B1AA287A600DE08CF /* Main.storyboard */; };
		6E5EC51F1AA287A600DE08CF /* Images.xcassets in Resources */ = {isa = PBXBuildFile; fileRef = 6E5EC51E1AA287A600DE08CF /* Images.xcassets */; };
		6E5EC5221AA287A600DE08CF /* LaunchScreen.xib in Resources */ = {isa = PBXBuildFile; fileRef = 6E5EC5201AA287A600DE08CF /* LaunchScreen.xib */; };
		6E5EC52E1AA287A600DE08CF /* CoreAnimationLessonTests.swift in Sources */ = {isa = PBXBuildFile; fileRef = 6E5EC52D1AA287A600DE08CF /* CoreAnimationLessonTests.swift */; };
		6E5EC53D1AA2B55000DE08CF /* Lesson1_1ViewController.swift in Sources */ = {isa = PBXBuildFile; fileRef = 6E5EC53C1AA2B55000DE08CF /* Lesson1_1ViewController.swift */; };
		6E5EC5411AA2FEE700DE08CF /* QuartzCore.framework in Frameworks */ = {isa = PBXBuildFile; fileRef = 6E5EC5401AA2FEE700DE08CF /* QuartzCore.framework */; };
		6E6261E71AACA1AC0047A250 /* Lesson1_3ViewController.swift in Sources */ = {isa = PBXBuildFile; fileRef = 6E6261E61AACA1AC0047A250 /* Lesson1_3ViewController.swift */; };
		6E9C30F61AECA9B3008D5A11 /* Lesson1-7View.swift in Sources */ = {isa = PBXBuildFile; fileRef = 6E9C30F51AECA9B3008D5A11 /* Lesson1-7View.swift */; };
		6EBC63261CCCB9900024D0AD /* ConfigurationView.xib in Resources */ = {isa = PBXBuildFile; fileRef = 6EBC63251CCCB9900024D0AD /* ConfigurationView.xib */; };
		6EC9EA7D1AD1162B009A9A4A /* AB.png in Resources */ = {isa = PBXBuildFile; fileRef = 6EC9EA7C1AD1162B009A9A4A /* AB.png */; };
		6EC9EA7F1AD1189E009A9A4A /* Lesson1-5ViewController.swift in Sources */ = {isa = PBXBuildFile; fileRef = 6EC9EA7E1AD1189E009A9A4A /* Lesson1-5ViewController.swift */; };
		6EC9EA811AD18198009A9A4A /* Lesson1-6ViewController.swift in Sources */ = {isa = PBXBuildFile; fileRef = 6EC9EA801AD18198009A9A4A /* Lesson1-6ViewController.swift */; };
		6EC9EA831AD18689009A9A4A /* figure1.png in Resources */ = {isa = PBXBuildFile; fileRef = 6EC9EA821AD18689009A9A4A /* figure1.png */; };
		6ED891031AA622F8005D9687 /* Lesson1_2ViewController.swift in Sources */ = {isa = PBXBuildFile; fileRef = 6ED891021AA622F8005D9687 /* Lesson1_2ViewController.swift */; };
		6EDEF63E1AB51BC100CE61B1 /* chess.png in Resources */ = {isa = PBXBuildFile; fileRef = 6EDEF63D1AB51BC100CE61B1 /* chess.png */; };
		6EECA9281CB8F3420090A1D5 /* Lesson2-2ViewController.swift in Sources */ = {isa = PBXBuildFile; fileRef = 6EECA9271CB8F3420090A1D5 /* Lesson2-2ViewController.swift */; };
/* End PBXBuildFile section */

/* Begin PBXContainerItemProxy section */
		6E5EC5281AA287A600DE08CF /* PBXContainerItemProxy */ = {
			isa = PBXContainerItemProxy;
			containerPortal = 6E5EC50A1AA287A500DE08CF /* Project object */;
			proxyType = 1;
			remoteGlobalIDString = 6E5EC5111AA287A600DE08CF;
			remoteInfo = CoreAnimationLesson;
		};
/* End PBXContainerItemProxy section */

/* Begin PBXFileReference section */
		6E0400571CCB780200419D84 /* Lesson2_2ConfigurationView.swift */ = {isa = PBXFileReference; fileEncoding = 4; lastKnownFileType = sourcecode.swift; path = Lesson2_2ConfigurationView.swift; sourceTree = "<group>"; };
		6E07472A1CDA5A21000E6BAE /* Lesson2_2MyView.swift */ = {isa = PBXFileReference; fileEncoding = 4; lastKnownFileType = sourcecode.swift; path = Lesson2_2MyView.swift; sourceTree = "<group>"; };
		6E07472C1CDF1CFC000E6BAE /* Lesson2-1PropertiesViewController.swift */ = {isa = PBXFileReference; fileEncoding = 4; lastKnownFileType = sourcecode.swift; path = "Lesson2-1PropertiesViewController.swift"; sourceTree = "<group>"; };
		6E07472E1CDF20E8000E6BAE /* Lesson2_RectMyView.swift */ = {isa = PBXFileReference; fileEncoding = 4; lastKnownFileType = sourcecode.swift; path = Lesson2_RectMyView.swift; sourceTree = "<group>"; };
		6E0C6AED1ABEC34700BEADC8 /* Lesson1_4ViewController.swift */ = {isa = PBXFileReference; fileEncoding = 4; lastKnownFileType = sourcecode.swift; path = Lesson1_4ViewController.swift; sourceTree = "<group>"; };
		6E5945471ADC3241009F7C78 /* Lesson1-7ViewController.swift */ = {isa = PBXFileReference; fileEncoding = 4; lastKnownFileType = sourcecode.swift; path = "Lesson1-7ViewController.swift"; sourceTree = "<group>"; };
		6E5EC5121AA287A600DE08CF /* CoreAnimationLesson.app */ = {isa = PBXFileReference; explicitFileType = wrapper.application; includeInIndex = 0; path = CoreAnimationLesson.app; sourceTree = BUILT_PRODUCTS_DIR; };
		6E5EC5161AA287A600DE08CF /* Info.plist */ = {isa = PBXFileReference; lastKnownFileType = text.plist.xml; path = Info.plist; sourceTree = "<group>"; };
		6E5EC5171AA287A600DE08CF /* AppDelegate.swift */ = {isa = PBXFileReference; lastKnownFileType = sourcecode.swift; path = AppDelegate.swift; sourceTree = "<group>"; };
		6E5EC51C1AA287A600DE08CF /* Base */ = {isa = PBXFileReference; lastKnownFileType = file.storyboard; name = Base; path = Base.lproj/Main.storyboard; sourceTree = "<group>"; };
		6E5EC51E1AA287A600DE08CF /* Images.xcassets */ = {isa = PBXFileReference; lastKnownFileType = folder.assetcatalog; path = Images.xcassets; sourceTree = "<group>"; };
		6E5EC5211AA287A600DE08CF /* Base */ = {isa = PBXFileReference; lastKnownFileType = file.xib; name = Base; path = Base.lproj/LaunchScreen.xib; sourceTree = "<group>"; };
		6E5EC5271AA287A600DE08CF /* CoreAnimationLessonTests.xctest */ = {isa = PBXFileReference; explicitFileType = wrapper.cfbundle; includeInIndex = 0; path = CoreAnimationLessonTests.xctest; sourceTree = BUILT_PRODUCTS_DIR; };
		6E5EC52C1AA287A600DE08CF /* Info.plist */ = {isa = PBXFileReference; lastKnownFileType = text.plist.xml; path = Info.plist; sourceTree = "<group>"; };
		6E5EC52D1AA287A600DE08CF /* CoreAnimationLessonTests.swift */ = {isa = PBXFileReference; lastKnownFileType = sourcecode.swift; path = CoreAnimationLessonTests.swift; sourceTree = "<group>"; };
		6E5EC53C1AA2B55000DE08CF /* Lesson1_1ViewController.swift */ = {isa = PBXFileReference; fileEncoding = 4; lastKnownFileType = sourcecode.swift; path = Lesson1_1ViewController.swift; sourceTree = "<group>"; };
		6E5EC5401AA2FEE700DE08CF /* QuartzCore.framework */ = {isa = PBXFileReference; lastKnownFileType = wrapper.framework; name = QuartzCore.framework; path = System/Library/Frameworks/QuartzCore.framework; sourceTree = SDKROOT; };
		6E6261E61AACA1AC0047A250 /* Lesson1_3ViewController.swift */ = {isa = PBXFileReference; fileEncoding = 4; lastKnownFileType = sourcecode.swift; path = Lesson1_3ViewController.swift; sourceTree = "<group>"; };
		6E9C30F51AECA9B3008D5A11 /* Lesson1-7View.swift */ = {isa = PBXFileReference; fileEncoding = 4; lastKnownFileType = sourcecode.swift; path = "Lesson1-7View.swift"; sourceTree = "<group>"; };
		6EBC63251CCCB9900024D0AD /* ConfigurationView.xib */ = {isa = PBXFileReference; fileEncoding = 4; lastKnownFileType = file.xib; path = ConfigurationView.xib; sourceTree = "<group>"; };
		6EC9EA7C1AD1162B009A9A4A /* AB.png */ = {isa = PBXFileReference; lastKnownFileType = image.png; path = AB.png; sourceTree = "<group>"; };
		6EC9EA7E1AD1189E009A9A4A /* Lesson1-5ViewController.swift */ = {isa = PBXFileReference; fileEncoding = 4; lastKnownFileType = sourcecode.swift; path = "Lesson1-5ViewController.swift"; sourceTree = "<group>"; };
		6EC9EA801AD18198009A9A4A /* Lesson1-6ViewController.swift */ = {isa = PBXFileReference; fileEncoding = 4; lastKnownFileType = sourcecode.swift; path = "Lesson1-6ViewController.swift"; sourceTree = "<group>"; };
		6EC9EA821AD18689009A9A4A /* figure1.png */ = {isa = PBXFileReference; lastKnownFileType = image.png; path = figure1.png; sourceTree = "<group>"; };
		6ED891021AA622F8005D9687 /* Lesson1_2ViewController.swift */ = {isa = PBXFileReference; fileEncoding = 4; lastKnownFileType = sourcecode.swift; path = Lesson1_2ViewController.swift; sourceTree = "<group>"; };
		6EDEF63D1AB51BC100CE61B1 /* chess.png */ = {isa = PBXFileReference; lastKnownFileType = image.png; path = chess.png; sourceTree = "<group>"; };
		6EECA9271CB8F3420090A1D5 /* Lesson2-2ViewController.swift */ = {isa = PBXFileReference; fileEncoding = 4; lastKnownFileType = sourcecode.swift; path = "Lesson2-2ViewController.swift"; sourceTree = "<group>"; };
/* End PBXFileReference section */

/* Begin PBXFrameworksBuildPhase section */
		6E5EC50F1AA287A600DE08CF /* Frameworks */ = {
			isa = PBXFrameworksBuildPhase;
			buildActionMask = 2147483647;
			files = (
				6E5EC5411AA2FEE700DE08CF /* QuartzCore.framework in Frameworks */,
			);
			runOnlyForDeploymentPostprocessing = 0;
		};
		6E5EC5241AA287A600DE08CF /* Frameworks */ = {
			isa = PBXFrameworksBuildPhase;
			buildActionMask = 2147483647;
			files = (
			);
			runOnlyForDeploymentPostprocessing = 0;
		};
/* End PBXFrameworksBuildPhase section */

/* Begin PBXGroup section */
		6E5EC5091AA287A500DE08CF = {
			isa = PBXGroup;
			children = (
				6E5EC5401AA2FEE700DE08CF /* QuartzCore.framework */,
				6E5EC5141AA287A600DE08CF /* CoreAnimationLesson */,
				6E5EC52A1AA287A600DE08CF /* CoreAnimationLessonTests */,
				6E5EC5131AA287A600DE08CF /* Products */,
			);
			sourceTree = "<group>";
		};
		6E5EC5131AA287A600DE08CF /* Products */ = {
			isa = PBXGroup;
			children = (
				6E5EC5121AA287A600DE08CF /* CoreAnimationLesson.app */,
				6E5EC5271AA287A600DE08CF /* CoreAnimationLessonTests.xctest */,
			);
			name = Products;
			sourceTree = "<group>";
		};
		6E5EC5141AA287A600DE08CF /* CoreAnimationLesson */ = {
			isa = PBXGroup;
			children = (
				6EAE01251AF9F36D006F1DC7 /* Lesson2 */,
				6EF71BC11AAC1DB8009B4BC0 /* Resource */,
				6E5EC53B1AA2B4BA00DE08CF /* Lesson1 */,
				6E5EC5171AA287A600DE08CF /* AppDelegate.swift */,
				6E5EC51B1AA287A600DE08CF /* Main.storyboard */,
				6E5EC51E1AA287A600DE08CF /* Images.xcassets */,
				6E5EC5201AA287A600DE08CF /* LaunchScreen.xib */,
				6E5EC5151AA287A600DE08CF /* Supporting Files */,
			);
			path = CoreAnimationLesson;
			sourceTree = "<group>";
		};
		6E5EC5151AA287A600DE08CF /* Supporting Files */ = {
			isa = PBXGroup;
			children = (
				6E5EC5161AA287A600DE08CF /* Info.plist */,
			);
			name = "Supporting Files";
			sourceTree = "<group>";
		};
		6E5EC52A1AA287A600DE08CF /* CoreAnimationLessonTests */ = {
			isa = PBXGroup;
			children = (
				6E5EC52D1AA287A600DE08CF /* CoreAnimationLessonTests.swift */,
				6E5EC52B1AA287A600DE08CF /* Supporting Files */,
			);
			path = CoreAnimationLessonTests;
			sourceTree = "<group>";
		};
		6E5EC52B1AA287A600DE08CF /* Supporting Files */ = {
			isa = PBXGroup;
			children = (
				6E5EC52C1AA287A600DE08CF /* Info.plist */,
			);
			name = "Supporting Files";
			sourceTree = "<group>";
		};
		6E5EC53B1AA2B4BA00DE08CF /* Lesson1 */ = {
			isa = PBXGroup;
			children = (
				6E5EC53C1AA2B55000DE08CF /* Lesson1_1ViewController.swift */,
				6ED891021AA622F8005D9687 /* Lesson1_2ViewController.swift */,
				6E6261E61AACA1AC0047A250 /* Lesson1_3ViewController.swift */,
				6E0C6AED1ABEC34700BEADC8 /* Lesson1_4ViewController.swift */,
				6EC9EA7E1AD1189E009A9A4A /* Lesson1-5ViewController.swift */,
				6EC9EA801AD18198009A9A4A /* Lesson1-6ViewController.swift */,
				6E5945471ADC3241009F7C78 /* Lesson1-7ViewController.swift */,
				6E9C30F51AECA9B3008D5A11 /* Lesson1-7View.swift */,
			);
			name = Lesson1;
			sourceTree = "<group>";
		};
		6EAE01251AF9F36D006F1DC7 /* Lesson2 */ = {
			isa = PBXGroup;
			children = (
				6EECA9271CB8F3420090A1D5 /* Lesson2-2ViewController.swift */,
				6E0400571CCB780200419D84 /* Lesson2_2ConfigurationView.swift */,
				6EBC63251CCCB9900024D0AD /* ConfigurationView.xib */,
				6E07472A1CDA5A21000E6BAE /* Lesson2_2MyView.swift */,
				6E07472C1CDF1CFC000E6BAE /* Lesson2-1PropertiesViewController.swift */,
				6E07472E1CDF20E8000E6BAE /* Lesson2_RectMyView.swift */,
			);
			name = Lesson2;
			sourceTree = "<group>";
		};
		6EF71BC11AAC1DB8009B4BC0 /* Resource */ = {
			isa = PBXGroup;
			children = (
				6EC9EA821AD18689009A9A4A /* figure1.png */,
				6EC9EA7C1AD1162B009A9A4A /* AB.png */,
				6EDEF63D1AB51BC100CE61B1 /* chess.png */,
			);
			name = Resource;
			sourceTree = "<group>";
		};
/* End PBXGroup section */

/* Begin PBXNativeTarget section */
		6E5EC5111AA287A600DE08CF /* CoreAnimationLesson */ = {
			isa = PBXNativeTarget;
			buildConfigurationList = 6E5EC5311AA287A600DE08CF /* Build configuration list for PBXNativeTarget "CoreAnimationLesson" */;
			buildPhases = (
				6E5EC50E1AA287A600DE08CF /* Sources */,
				6E5EC50F1AA287A600DE08CF /* Frameworks */,
				6E5EC5101AA287A600DE08CF /* Resources */,
			);
			buildRules = (
			);
			dependencies = (
			);
			name = CoreAnimationLesson;
			productName = CoreAnimationLesson;
			productReference = 6E5EC5121AA287A600DE08CF /* CoreAnimationLesson.app */;
			productType = "com.apple.product-type.application";
		};
		6E5EC5261AA287A600DE08CF /* CoreAnimationLessonTests */ = {
			isa = PBXNativeTarget;
			buildConfigurationList = 6E5EC5341AA287A600DE08CF /* Build configuration list for PBXNativeTarget "CoreAnimationLessonTests" */;
			buildPhases = (
				6E5EC5231AA287A600DE08CF /* Sources */,
				6E5EC5241AA287A600DE08CF /* Frameworks */,
				6E5EC5251AA287A600DE08CF /* Resources */,
			);
			buildRules = (
			);
			dependencies = (
				6E5EC5291AA287A600DE08CF /* PBXTargetDependency */,
			);
			name = CoreAnimationLessonTests;
			productName = CoreAnimationLessonTests;
			productReference = 6E5EC5271AA287A600DE08CF /* CoreAnimationLessonTests.xctest */;
			productType = "com.apple.product-type.bundle.unit-test";
		};
/* End PBXNativeTarget section */

/* Begin PBXProject section */
		6E5EC50A1AA287A500DE08CF /* Project object */ = {
			isa = PBXProject;
			attributes = {
				LastSwiftMigration = 0700;
				LastSwiftUpdateCheck = 0700;
				LastUpgradeCheck = 0730;
				ORGANIZATIONNAME = "Naoyuki Takura";
				TargetAttributes = {
					6E5EC5111AA287A600DE08CF = {
						CreatedOnToolsVersion = 6.1.1;
						DevelopmentTeam = 675H7G3SAV;
					};
					6E5EC5261AA287A600DE08CF = {
						CreatedOnToolsVersion = 6.1.1;
						TestTargetID = 6E5EC5111AA287A600DE08CF;
					};
				};
			};
			buildConfigurationList = 6E5EC50D1AA287A500DE08CF /* Build configuration list for PBXProject "CoreAnimationLesson" */;
			compatibilityVersion = "Xcode 3.2";
			developmentRegion = English;
			hasScannedForEncodings = 0;
			knownRegions = (
				en,
				Base,
			);
			mainGroup = 6E5EC5091AA287A500DE08CF;
			productRefGroup = 6E5EC5131AA287A600DE08CF /* Products */;
			projectDirPath = "";
			projectRoot = "";
			targets = (
				6E5EC5111AA287A600DE08CF /* CoreAnimationLesson */,
				6E5EC5261AA287A600DE08CF /* CoreAnimationLessonTests */,
			);
		};
/* End PBXProject section */

/* Begin PBXResourcesBuildPhase section */
		6E5EC5101AA287A600DE08CF /* Resources */ = {
			isa = PBXResourcesBuildPhase;
			buildActionMask = 2147483647;
			files = (
				6E5EC51D1AA287A600DE08CF /* Main.storyboard in Resources */,
				6E5EC5221AA287A600DE08CF /* LaunchScreen.xib in Resources */,
				6EC9EA7D1AD1162B009A9A4A /* AB.png in Resources */,
				6EBC63261CCCB9900024D0AD /* ConfigurationView.xib in Resources */,
				6EC9EA831AD18689009A9A4A /* figure1.png in Resources */,
				6EDEF63E1AB51BC100CE61B1 /* chess.png in Resources */,
				6E5EC51F1AA287A600DE08CF /* Images.xcassets in Resources */,
			);
			runOnlyForDeploymentPostprocessing = 0;
		};
		6E5EC5251AA287A600DE08CF /* Resources */ = {
			isa = PBXResourcesBuildPhase;
			buildActionMask = 2147483647;
			files = (
			);
			runOnlyForDeploymentPostprocessing = 0;
		};
/* End PBXResourcesBuildPhase section */

/* Begin PBXSourcesBuildPhase section */
		6E5EC50E1AA287A600DE08CF /* Sources */ = {
			isa = PBXSourcesBuildPhase;
			buildActionMask = 2147483647;
			files = (
				6E5945481ADC3241009F7C78 /* Lesson1-7ViewController.swift in Sources */,
				6E5EC53D1AA2B55000DE08CF /* Lesson1_1ViewController.swift in Sources */,
				6E07472D1CDF1CFC000E6BAE /* Lesson2-1PropertiesViewController.swift in Sources */,
				6E07472F1CDF20E8000E6BAE /* Lesson2_RectMyView.swift in Sources */,
				6E0C6AEE1ABEC34700BEADC8 /* Lesson1_4ViewController.swift in Sources */,
				6E0400581CCB780200419D84 /* Lesson2_2ConfigurationView.swift in Sources */,
				6ED891031AA622F8005D9687 /* Lesson1_2ViewController.swift in Sources */,
				6E6261E71AACA1AC0047A250 /* Lesson1_3ViewController.swift in Sources */,
				6E9C30F61AECA9B3008D5A11 /* Lesson1-7View.swift in Sources */,
				6EC9EA7F1AD1189E009A9A4A /* Lesson1-5ViewController.swift in Sources */,
				6EECA9281CB8F3420090A1D5 /* Lesson2-2ViewController.swift in Sources */,
				6E5EC5181AA287A600DE08CF /* AppDelegate.swift in Sources */,
				6EC9EA811AD18198009A9A4A /* Lesson1-6ViewController.swift in Sources */,
				6E07472B1CDA5A21000E6BAE /* Lesson2_2MyView.swift in Sources */,
			);
			runOnlyForDeploymentPostprocessing = 0;
		};
		6E5EC5231AA287A600DE08CF /* Sources */ = {
			isa = PBXSourcesBuildPhase;
			buildActionMask = 2147483647;
			files = (
				6E5EC52E1AA287A600DE08CF /* CoreAnimationLessonTests.swift in Sources */,
			);
			runOnlyForDeploymentPostprocessing = 0;
		};
/* End PBXSourcesBuildPhase section */

/* Begin PBXTargetDependency section */
		6E5EC5291AA287A600DE08CF /* PBXTargetDependency */ = {
			isa = PBXTargetDependency;
			target = 6E5EC5111AA287A600DE08CF /* CoreAnimationLesson */;
			targetProxy = 6E5EC5281AA287A600DE08CF /* PBXContainerItemProxy */;
		};
/* End PBXTargetDependency section */

/* Begin PBXVariantGroup section */
		6E5EC51B1AA287A600DE08CF /* Main.storyboard */ = {
			isa = PBXVariantGroup;
			children = (
				6E5EC51C1AA287A600DE08CF /* Base */,
			);
			name = Main.storyboard;
			sourceTree = "<group>";
		};
		6E5EC5201AA287A600DE08CF /* LaunchScreen.xib */ = {
			isa = PBXVariantGroup;
			children = (
				6E5EC5211AA287A600DE08CF /* Base */,
			);
			name = LaunchScreen.xib;
			sourceTree = "<group>";
		};
/* End PBXVariantGroup section */

/* Begin XCBuildConfiguration section */
		6E5EC52F1AA287A600DE08CF /* Debug */ = {
			isa = XCBuildConfiguration;
			buildSettings = {
				ALWAYS_SEARCH_USER_PATHS = NO;
				CLANG_CXX_LANGUAGE_STANDARD = "gnu++0x";
				CLANG_CXX_LIBRARY = "libc++";
				CLANG_ENABLE_MODULES = YES;
				CLANG_ENABLE_OBJC_ARC = YES;
				CLANG_WARN_BOOL_CONVERSION = YES;
				CLANG_WARN_CONSTANT_CONVERSION = YES;
				CLANG_WARN_DIRECT_OBJC_ISA_USAGE = YES_ERROR;
				CLANG_WARN_EMPTY_BODY = YES;
				CLANG_WARN_ENUM_CONVERSION = YES;
				CLANG_WARN_INT_CONVERSION = YES;
				CLANG_WARN_OBJC_ROOT_CLASS = YES_ERROR;
				CLANG_WARN_UNREACHABLE_CODE = YES;
				CLANG_WARN__DUPLICATE_METHOD_MATCH = YES;
				"CODE_SIGN_IDENTITY[sdk=iphoneos*]" = "iPhone Developer";
				COPY_PHASE_STRIP = NO;
				ENABLE_STRICT_OBJC_MSGSEND = YES;
				ENABLE_TESTABILITY = YES;
				GCC_C_LANGUAGE_STANDARD = gnu99;
				GCC_DYNAMIC_NO_PIC = NO;
				GCC_OPTIMIZATION_LEVEL = 0;
				GCC_PREPROCESSOR_DEFINITIONS = (
					"DEBUG=1",
					"$(inherited)",
				);
				GCC_SYMBOLS_PRIVATE_EXTERN = NO;
				GCC_WARN_64_TO_32_BIT_CONVERSION = YES;
				GCC_WARN_ABOUT_RETURN_TYPE = YES_ERROR;
				GCC_WARN_UNDECLARED_SELECTOR = YES;
				GCC_WARN_UNINITIALIZED_AUTOS = YES_AGGRESSIVE;
				GCC_WARN_UNUSED_FUNCTION = YES;
				GCC_WARN_UNUSED_VARIABLE = YES;
				IPHONEOS_DEPLOYMENT_TARGET = 8.3;
				MTL_ENABLE_DEBUG_INFO = YES;
				ONLY_ACTIVE_ARCH = YES;
				SDKROOT = iphoneos;
				SWIFT_OPTIMIZATION_LEVEL = "-Onone";
			};
			name = Debug;
		};
		6E5EC5301AA287A600DE08CF /* Release */ = {
			isa = XCBuildConfiguration;
			buildSettings = {
				ALWAYS_SEARCH_USER_PATHS = NO;
				CLANG_CXX_LANGUAGE_STANDARD = "gnu++0x";
				CLANG_CXX_LIBRARY = "libc++";
				CLANG_ENABLE_MODULES = YES;
				CLANG_ENABLE_OBJC_ARC = YES;
				CLANG_WARN_BOOL_CONVERSION = YES;
				CLANG_WARN_CONSTANT_CONVERSION = YES;
				CLANG_WARN_DIRECT_OBJC_ISA_USAGE = YES_ERROR;
				CLANG_WARN_EMPTY_BODY = YES;
				CLANG_WARN_ENUM_CONVERSION = YES;
				CLANG_WARN_INT_CONVERSION = YES;
				CLANG_WARN_OBJC_ROOT_CLASS = YES_ERROR;
				CLANG_WARN_UNREACHABLE_CODE = YES;
				CLANG_WARN__DUPLICATE_METHOD_MATCH = YES;
				"CODE_SIGN_IDENTITY[sdk=iphoneos*]" = "iPhone Developer";
				COPY_PHASE_STRIP = YES;
				ENABLE_NS_ASSERTIONS = NO;
				ENABLE_STRICT_OBJC_MSGSEND = YES;
				GCC_C_LANGUAGE_STANDARD = gnu99;
				GCC_WARN_64_TO_32_BIT_CONVERSION = YES;
				GCC_WARN_ABOUT_RETURN_TYPE = YES_ERROR;
				GCC_WARN_UNDECLARED_SELECTOR = YES;
				GCC_WARN_UNINITIALIZED_AUTOS = YES_AGGRESSIVE;
				GCC_WARN_UNUSED_FUNCTION = YES;
				GCC_WARN_UNUSED_VARIABLE = YES;
				IPHONEOS_DEPLOYMENT_TARGET = 8.3;
				MTL_ENABLE_DEBUG_INFO = NO;
				SDKROOT = iphoneos;
				VALIDATE_PRODUCT = YES;
			};
			name = Release;
		};
		6E5EC5321AA287A600DE08CF /* Debug */ = {
			isa = XCBuildConfiguration;
			buildSettings = {
				ASSETCATALOG_COMPILER_APPICON_NAME = AppIcon;
				CODE_SIGN_IDENTITY = "iPhone Developer";
				INFOPLIST_FILE = CoreAnimationLesson/Info.plist;
				IPHONEOS_DEPLOYMENT_TARGET = 8.3;
				LD_RUNPATH_SEARCH_PATHS = "$(inherited) @executable_path/Frameworks";
				PRODUCT_BUNDLE_IDENTIFIER = "naoyuki.$(PRODUCT_NAME:rfc1034identifier)";
				PRODUCT_NAME = "$(TARGET_NAME)";
			};
			name = Debug;
		};
		6E5EC5331AA287A600DE08CF /* Release */ = {
			isa = XCBuildConfiguration;
			buildSettings = {
				ASSETCATALOG_COMPILER_APPICON_NAME = AppIcon;
				CODE_SIGN_IDENTITY = "iPhone Developer";
				INFOPLIST_FILE = CoreAnimationLesson/Info.plist;
				IPHONEOS_DEPLOYMENT_TARGET = 8.3;
				LD_RUNPATH_SEARCH_PATHS = "$(inherited) @executable_path/Frameworks";
				PRODUCT_BUNDLE_IDENTIFIER = "naoyuki.$(PRODUCT_NAME:rfc1034identifier)";
				PRODUCT_NAME = "$(TARGET_NAME)";
			};
			name = Release;
		};
		6E5EC5351AA287A600DE08CF /* Debug */ = {
			isa = XCBuildConfiguration;
			buildSettings = {
				BUNDLE_LOADER = "$(TEST_HOST)";
				FRAMEWORK_SEARCH_PATHS = (
					"$(SDKROOT)/Developer/Library/Frameworks",
					"$(inherited)",
				);
				GCC_PREPROCESSOR_DEFINITIONS = (
					"DEBUG=1",
					"$(inherited)",
				);
				INFOPLIST_FILE = CoreAnimationLessonTests/Info.plist;
				LD_RUNPATH_SEARCH_PATHS = "$(inherited) @executable_path/Frameworks @loader_path/Frameworks";
				PRODUCT_BUNDLE_IDENTIFIER = "naoyuki.$(PRODUCT_NAME:rfc1034identifier)";
				PRODUCT_NAME = "$(TARGET_NAME)";
				TEST_HOST = "$(BUILT_PRODUCTS_DIR)/CoreAnimationLesson.app/CoreAnimationLesson";
			};
			name = Debug;
		};
		6E5EC5361AA287A600DE08CF /* Release */ = {
			isa = XCBuildConfiguration;
			buildSettings = {
				BUNDLE_LOADER = "$(TEST_HOST)";
				FRAMEWORK_SEARCH_PATHS = (
					"$(SDKROOT)/Developer/Library/Frameworks",
					"$(inherited)",
				);
				INFOPLIST_FILE = CoreAnimationLessonTests/Info.plist;
				LD_RUNPATH_SEARCH_PATHS = "$(inherited) @executable_path/Frameworks @loader_path/Frameworks";
				PRODUCT_BUNDLE_IDENTIFIER = "naoyuki.$(PRODUCT_NAME:rfc1034identifier)";
				PRODUCT_NAME = "$(TARGET_NAME)";
				TEST_HOST = "$(BUILT_PRODUCTS_DIR)/CoreAnimationLesson.app/CoreAnimationLesson";
			};
			name = Release;
		};
/* End XCBuildConfiguration section */

/* Begin XCConfigurationList section */
		6E5EC50D1AA287A500DE08CF /* Build configuration list for PBXProject "CoreAnimationLesson" */ = {
			isa = XCConfigurationList;
			buildConfigurations = (
				6E5EC52F1AA287A600DE08CF /* Debug */,
				6E5EC5301AA287A600DE08CF /* Release */,
			);
			defaultConfigurationIsVisible = 0;
			defaultConfigurationName = Release;
		};
		6E5EC5311AA287A600DE08CF /* Build configuration list for PBXNativeTarget "CoreAnimationLesson" */ = {
			isa = XCConfigurationList;
			buildConfigurations = (
				6E5EC5321AA287A600DE08CF /* Debug */,
				6E5EC5331AA287A600DE08CF /* Release */,
			);
			defaultConfigurationIsVisible = 0;
			defaultConfigurationName = Release;
		};
		6E5EC5341AA287A600DE08CF /* Build configuration list for PBXNativeTarget "CoreAnimationLessonTests" */ = {
			isa = XCConfigurationList;
			buildConfigurations = (
				6E5EC5351AA287A600DE08CF /* Debug */,
				6E5EC5361AA287A600DE08CF /* Release */,
			);
			defaultConfigurationIsVisible = 0;
			defaultConfigurationName = Release;
		};
/* End XCConfigurationList section */
	};
	rootObject = 6E5EC50A1AA287A500DE08CF /* Project object */;
}
